
Microsoft Visual Studio Solution File, Format Version 12.00
# Visual Studio Version 17
VisualStudioVersion = 17.11.35312.102
MinimumVisualStudioVersion = 10.0.40219.1
Project("{FAE04EC0-301F-11D3-BF4B-00C04F79EFBC}") = "LeetSpeak", "LeetSpeak\LeetSpeak.csproj", "{CA269CB3-6B0D-484D-A43D-013458935531}"
EndProject
Global
	GlobalSection(SolutionConfigurationPlatforms) = preSolution
		Debug|Any CPU = Debug|Any CPU
		Release|Any CPU = Release|Any CPU
	EndGlobalSection
	GlobalSection(ProjectConfigurationPlatforms) = postSolution
		{CA269CB3-6B0D-484D-A43D-013458935531}.Debug|Any CPU.ActiveCfg = Debug|Any CPU
		{CA269CB3-6B0D-484D-A43D-013458935531}.Debug|Any CPU.Build.0 = Debug|Any CPU
		{CA269CB3-6B0D-484D-A43D-013458935531}.Release|Any CPU.ActiveCfg = Release|Any CPU
		{CA269CB3-6B0D-484D-A43D-013458935531}.Release|Any CPU.Build.0 = Release|Any CPU
	EndGlobalSection
	GlobalSection(SolutionProperties) = preSolution
		HideSolutionNode = FALSE
	EndGlobalSection
	GlobalSection(ExtensibilityGlobals) = postSolution
		SolutionGuid = {EA29C7FF-D459-482B-AB60-F8CCCA3DD48F}
	EndGlobalSection
EndGlobal
